
Microsoft Visual Studio Solution File, Format Version 12.00
# Visual Studio Version 16
VisualStudioVersion = 16.0.32630.194
MinimumVisualStudioVersion = 10.0.40219.1
Project("{FAE04EC0-301F-11D3-BF4B-00C04F79EFBC}") = "CoffeeManagementSystem", "CoffeeManagementSystem\CoffeeManagementSystem.csproj", "{79C7CCBB-334E-4F89-AF0F-7AC3C90DF6FA}"
EndProject
Global
	GlobalSection(SolutionConfigurationPlatforms) = preSolution
		Debug|Any CPU = Debug|Any CPU
		Release|Any CPU = Release|Any CPU
	EndGlobalSection
	GlobalSection(ProjectConfigurationPlatforms) = postSolution
		{79C7CCBB-334E-4F89-AF0F-7AC3C90DF6FA}.Debug|Any CPU.ActiveCfg = Debug|Any CPU
		{79C7CCBB-334E-4F89-AF0F-7AC3C90DF6FA}.Debug|Any CPU.Build.0 = Debug|Any CPU
		{79C7CCBB-334E-4F89-AF0F-7AC3C90DF6FA}.Release|Any CPU.ActiveCfg = Release|Any CPU
		{79C7CCBB-334E-4F89-AF0F-7AC3C90DF6FA}.Release|Any CPU.Build.0 = Release|Any CPU
	EndGlobalSection
	GlobalSection(SolutionProperties) = preSolution
		HideSolutionNode = FALSE
	EndGlobalSection
	GlobalSection(ExtensibilityGlobals) = postSolution
		SolutionGuid = {324C758F-7DA1-4715-915A-C7CBD2DD6D29}
	EndGlobalSection
EndGlobal
