
Microsoft Visual Studio Solution File, Format Version 12.00
# Visual Studio Version 16
VisualStudioVersion = 16.0.32630.194
MinimumVisualStudioVersion = 10.0.40219.1
Project("{FAE04EC0-301F-11D3-BF4B-00C04F79EFBC}") = "CoffeeManagement", "CoffeeManagement\CoffeeManagement.csproj", "{6A618616-CE18-446B-8AA0-43ED6F43056E}"
EndProject
Project("{54435603-DBB4-11D2-8724-00A0C9A8B90C}") = "CafeManagerInstaller", "..\..\..\.netExports\CafeManagerInstaller\CafeManagerInstaller.vdproj", "{336C971F-F0F5-4158-B167-71E2282C84FC}"
EndProject
Global
	GlobalSection(SolutionConfigurationPlatforms) = preSolution
		Debug|Any CPU = Debug|Any CPU
		Release|Any CPU = Release|Any CPU
	EndGlobalSection
	GlobalSection(ProjectConfigurationPlatforms) = postSolution
		{6A618616-CE18-446B-8AA0-43ED6F43056E}.Debug|Any CPU.ActiveCfg = Debug|Any CPU
		{6A618616-CE18-446B-8AA0-43ED6F43056E}.Debug|Any CPU.Build.0 = Debug|Any CPU
		{6A618616-CE18-446B-8AA0-43ED6F43056E}.Release|Any CPU.ActiveCfg = Release|Any CPU
		{6A618616-CE18-446B-8AA0-43ED6F43056E}.Release|Any CPU.Build.0 = Release|Any CPU
		{336C971F-F0F5-4158-B167-71E2282C84FC}.Debug|Any CPU.ActiveCfg = Debug
		{336C971F-F0F5-4158-B167-71E2282C84FC}.Release|Any CPU.ActiveCfg = Release
	EndGlobalSection
	GlobalSection(SolutionProperties) = preSolution
		HideSolutionNode = FALSE
	EndGlobalSection
	GlobalSection(ExtensibilityGlobals) = postSolution
		SolutionGuid = {924BE242-08DF-4049-8648-FF3BBAD118B3}
	EndGlobalSection
EndGlobal
